<?xml version="1.0" encoding="utf-8"?>
<Project ToolsVersion="4.0" xmlns="http://schemas.microsoft.com/developer/msbuild/2003">
  <ItemGroup>
    <ClCompile Include="entity.cpp" />
    <ClCompile Include="game.cpp" />
    <ClCompile Include="graphics.cpp" />
    <ClCompile Include="grpg.cpp" />
    <ClCompile Include="image.cpp" />
    <ClCompile Include="input.cpp" />
    <ClCompile Include="mapLoader.cpp" />
    <ClCompile Include="player.cpp" />
    <ClCompile Include="playerSkill.cpp" />
    <ClCompile Include="skill.cpp" />
    <ClCompile Include="skillLoader.cpp" />
    <ClCompile Include="textureManager.cpp" />
    <ClCompile Include="winmain.cpp" />
    <ClCompile Include="entityManager.cpp" />
    <ClCompile Include="tile.cpp" />
  </ItemGroup>
  <ItemGroup>
    <ClInclude Include="constants.h" />
    <ClInclude Include="destination.h" />
    <ClInclude Include="entity.h" />
    <ClInclude Include="game.h" />
    <ClInclude Include="gameError.h" />
    <ClInclude Include="globals.h" />
    <ClInclude Include="graphics.h" />
    <ClInclude Include="grpg.h" />
    <ClInclude Include="image.h" />
    <ClInclude Include="input.h" />
    <ClInclude Include="item.h" />
    <ClInclude Include="mapLoader.h" />
    <ClInclude Include="player.h" />
    <ClInclude Include="playerSkill.h" />
    <ClInclude Include="skill.h" />
    <ClInclude Include="skillLoader.h" />
    <ClInclude Include="textureManager.h" />
    <ClInclude Include="entityManager.h" />
    <ClInclude Include="tile.h" />
  </ItemGroup>
</Project>